
Microsoft Visual Studio Solution File, Format Version 12.00
# Visual Studio Version 17
VisualStudioVersion = 17.2.32526.322
MinimumVisualStudioVersion = 10.0.40219.1
Project("{2150E333-8FDC-42A3-9474-1A3956D46DE8}") = "src", "src", "{55B49E2C-EDCE-4922-9032-7C439FB1D163}"
EndProject
Project("{2150E333-8FDC-42A3-9474-1A3956D46DE8}") = "tests", "tests", "{7ED1C91D-9B08-457F-963B-4D2302E7D171}"
EndProject
Project("{9A19103F-16F7-4668-BE54-9A1E7A4F7556}") = "SquadManager.Database", "src\SquadManager.Database\SquadManager.Database.csproj", "{0CC0746E-11D1-4ADB-9EC2-E5031363F181}"
EndProject
Project("{9A19103F-16F7-4668-BE54-9A1E7A4F7556}") = "SquadManager.Dto", "src\SquadManager.Dto\SquadManager.Dto.csproj", "{2CC0E1D0-DE52-4827-A88C-D1C214076119}"
EndProject
Project("{9A19103F-16F7-4668-BE54-9A1E7A4F7556}") = "SquadManager.Services", "src\SquadManager.Services\SquadManager.Services.csproj", "{7B8C65BA-A3F2-4275-8865-6A780C92CCA4}"
EndProject
Project("{9A19103F-16F7-4668-BE54-9A1E7A4F7556}") = "SquadManager.Web", "src\SquadManager.Web\SquadManager.Web.csproj", "{C09ACDE4-EC90-4465-BAF0-095004EF805F}"
EndProject
Project("{9A19103F-16F7-4668-BE54-9A1E7A4F7556}") = "SquadManager.IntegrationTests", "tests\SquadManager.IntegrationTests\SquadManager.IntegrationTests.csproj", "{74AD54F8-1CB9-4D5C-9F85-B9116D2C8A4A}"
EndProject
Project("{9A19103F-16F7-4668-BE54-9A1E7A4F7556}") = "SquadManager.UnitTests", "tests\SquadManager.UnitTests\SquadManager.UnitTests.csproj", "{03F4A0F7-AFBD-4A92-89D4-B9CDC44E61FE}"
EndProject
Global
	GlobalSection(SolutionConfigurationPlatforms) = preSolution
		Debug|Any CPU = Debug|Any CPU
		Release|Any CPU = Release|Any CPU
	EndGlobalSection
	GlobalSection(ProjectConfigurationPlatforms) = postSolution
		{0CC0746E-11D1-4ADB-9EC2-E5031363F181}.Debug|Any CPU.ActiveCfg = Debug|Any CPU
		{0CC0746E-11D1-4ADB-9EC2-E5031363F181}.Debug|Any CPU.Build.0 = Debug|Any CPU
		{0CC0746E-11D1-4ADB-9EC2-E5031363F181}.Release|Any CPU.ActiveCfg = Release|Any CPU
		{0CC0746E-11D1-4ADB-9EC2-E5031363F181}.Release|Any CPU.Build.0 = Release|Any CPU
		{2CC0E1D0-DE52-4827-A88C-D1C214076119}.Debug|Any CPU.ActiveCfg = Debug|Any CPU
		{2CC0E1D0-DE52-4827-A88C-D1C214076119}.Debug|Any CPU.Build.0 = Debug|Any CPU
		{2CC0E1D0-DE52-4827-A88C-D1C214076119}.Release|Any CPU.ActiveCfg = Release|Any CPU
		{2CC0E1D0-DE52-4827-A88C-D1C214076119}.Release|Any CPU.Build.0 = Release|Any CPU
		{7B8C65BA-A3F2-4275-8865-6A780C92CCA4}.Debug|Any CPU.ActiveCfg = Debug|Any CPU
		{7B8C65BA-A3F2-4275-8865-6A780C92CCA4}.Debug|Any CPU.Build.0 = Debug|Any CPU
		{7B8C65BA-A3F2-4275-8865-6A780C92CCA4}.Release|Any CPU.ActiveCfg = Release|Any CPU
		{7B8C65BA-A3F2-4275-8865-6A780C92CCA4}.Release|Any CPU.Build.0 = Release|Any CPU
		{C09ACDE4-EC90-4465-BAF0-095004EF805F}.Debug|Any CPU.ActiveCfg = Debug|Any CPU
		{C09ACDE4-EC90-4465-BAF0-095004EF805F}.Debug|Any CPU.Build.0 = Debug|Any CPU
		{C09ACDE4-EC90-4465-BAF0-095004EF805F}.Release|Any CPU.ActiveCfg = Release|Any CPU
		{C09ACDE4-EC90-4465-BAF0-095004EF805F}.Release|Any CPU.Build.0 = Release|Any CPU
		{74AD54F8-1CB9-4D5C-9F85-B9116D2C8A4A}.Debug|Any CPU.ActiveCfg = Debug|Any CPU
		{74AD54F8-1CB9-4D5C-9F85-B9116D2C8A4A}.Debug|Any CPU.Build.0 = Debug|Any CPU
		{74AD54F8-1CB9-4D5C-9F85-B9116D2C8A4A}.Release|Any CPU.ActiveCfg = Release|Any CPU
		{74AD54F8-1CB9-4D5C-9F85-B9116D2C8A4A}.Release|Any CPU.Build.0 = Release|Any CPU
		{03F4A0F7-AFBD-4A92-89D4-B9CDC44E61FE}.Debug|Any CPU.ActiveCfg = Debug|Any CPU
		{03F4A0F7-AFBD-4A92-89D4-B9CDC44E61FE}.Debug|Any CPU.Build.0 = Debug|Any CPU
		{03F4A0F7-AFBD-4A92-89D4-B9CDC44E61FE}.Release|Any CPU.ActiveCfg = Release|Any CPU
		{03F4A0F7-AFBD-4A92-89D4-B9CDC44E61FE}.Release|Any CPU.Build.0 = Release|Any CPU
	EndGlobalSection
	GlobalSection(SolutionProperties) = preSolution
		HideSolutionNode = FALSE
	EndGlobalSection
	GlobalSection(NestedProjects) = preSolution
		{0CC0746E-11D1-4ADB-9EC2-E5031363F181} = {55B49E2C-EDCE-4922-9032-7C439FB1D163}
		{2CC0E1D0-DE52-4827-A88C-D1C214076119} = {55B49E2C-EDCE-4922-9032-7C439FB1D163}
		{7B8C65BA-A3F2-4275-8865-6A780C92CCA4} = {55B49E2C-EDCE-4922-9032-7C439FB1D163}
		{C09ACDE4-EC90-4465-BAF0-095004EF805F} = {55B49E2C-EDCE-4922-9032-7C439FB1D163}
		{74AD54F8-1CB9-4D5C-9F85-B9116D2C8A4A} = {7ED1C91D-9B08-457F-963B-4D2302E7D171}
		{03F4A0F7-AFBD-4A92-89D4-B9CDC44E61FE} = {7ED1C91D-9B08-457F-963B-4D2302E7D171}
	EndGlobalSection
	GlobalSection(ExtensibilityGlobals) = postSolution
		SolutionGuid = {5A5FD3F1-3F52-4D85-91D7-788C138ED8F1}
	EndGlobalSection
EndGlobal
